// !$*UTF8*$!
{
	archiveVersion = 1;
	classes = {
	};
	objectVersion = 45;
	objects = {

/* Begin PBXBuildFile section */
		1D3623260D0F684500981E51 /* USRecallAppDelegate.m in Sources */ = {isa = PBXBuildFile; fileRef = 1D3623250D0F684500981E51 /* USRecallAppDelegate.m */; };
		1D60589B0D05DD56006BFB54 /* main.m in Sources */ = {isa = PBXBuildFile; fileRef = 29B97316FDCFA39411CA2CEA /* main.m */; };
		1D60589F0D05DD5A006BFB54 /* Foundation.framework in Frameworks */ = {isa = PBXBuildFile; fileRef = 1D30AB110D05D00D00671497 /* Foundation.framework */; };
		1DF5F4E00D08C38300B7A737 /* UIKit.framework in Frameworks */ = {isa = PBXBuildFile; fileRef = 1DF5F4DF0D08C38300B7A737 /* UIKit.framework */; };
		288765FD0DF74451002DB57D /* CoreGraphics.framework in Frameworks */ = {isa = PBXBuildFile; fileRef = 288765FC0DF74451002DB57D /* CoreGraphics.framework */; };
		28AD733F0D9D9553002E5188 /* MainWindow.xib in Resources */ = {isa = PBXBuildFile; fileRef = 28AD733E0D9D9553002E5188 /* MainWindow.xib */; };
		AC7E855E102205FB0030598D /* CPSC-recreation.jpg in Resources */ = {isa = PBXBuildFile; fileRef = AC7E8556102205FB0030598D /* CPSC-recreation.jpg */; };
		AC7E855F102205FB0030598D /* CPSC-outdoor.jpg in Resources */ = {isa = PBXBuildFile; fileRef = AC7E8557102205FB0030598D /* CPSC-outdoor.jpg */; };
		AC7E8560102205FB0030598D /* CPSC-household.jpg in Resources */ = {isa = PBXBuildFile; fileRef = AC7E8558102205FB0030598D /* CPSC-household.jpg */; };
		AC7E8561102205FB0030598D /* CPSC-child.jpg in Resources */ = {isa = PBXBuildFile; fileRef = AC7E8559102205FB0030598D /* CPSC-child.jpg */; };
		AC7E8562102205FB0030598D /* NHTSA-T.jpg in Resources */ = {isa = PBXBuildFile; fileRef = AC7E855A102205FB0030598D /* NHTSA-T.jpg */; };
		AC7E8563102205FB0030598D /* NHTSA-C.jpg in Resources */ = {isa = PBXBuildFile; fileRef = AC7E855B102205FB0030598D /* NHTSA-C.jpg */; };
		AC7E8564102205FB0030598D /* NHTSA-V.gif in Resources */ = {isa = PBXBuildFile; fileRef = AC7E855C102205FB0030598D /* NHTSA-V.gif */; };
		AC7E8565102205FB0030598D /* FDA.jpg in Resources */ = {isa = PBXBuildFile; fileRef = AC7E855D102205FB0030598D /* FDA.jpg */; };
		AC7E856B102207990030598D /* PUEBLO-Consumer.jpg in Resources */ = {isa = PBXBuildFile; fileRef = AC7E856A102207990030598D /* PUEBLO-Consumer.jpg */; };
		AC7E856E1022081A0030598D /* PUEBLO-Money.jpg in Resources */ = {isa = PBXBuildFile; fileRef = AC7E856D1022081A0030598D /* PUEBLO-Money.jpg */; };
		AC7E866C1022240F0030598D /* email.png in Resources */ = {isa = PBXBuildFile; fileRef = AC7E866B1022240F0030598D /* email.png */; };
		AC7E866F1022246C0030598D /* finance-tab.png in Resources */ = {isa = PBXBuildFile; fileRef = AC7E866E1022246C0030598D /* finance-tab.png */; };
		AC7E8673102224BA0030598D /* recall-tab.png in Resources */ = {isa = PBXBuildFile; fileRef = AC7E8671102224BA0030598D /* recall-tab.png */; };
		AC7E8674102224BA0030598D /* consumer-tab.png in Resources */ = {isa = PBXBuildFile; fileRef = AC7E8672102224BA0030598D /* consumer-tab.png */; };
		AC7E86B210222AED0030598D /* Default.png in Resources */ = {isa = PBXBuildFile; fileRef = AC7E86B110222AED0030598D /* Default.png */; };
		AC7E871B10233EA10030598D /* libAdMobSimulator.a in Frameworks */ = {isa = PBXBuildFile; fileRef = AC7E871710233EA10030598D /* libAdMobSimulator.a */; };
		AC7E871C10233EA10030598D /* libAdMobDevice.a in Frameworks */ = {isa = PBXBuildFile; fileRef = AC7E871810233EA10030598D /* libAdMobDevice.a */; };
		AC7E872310233F0A0030598D /* CoreLocation.framework in Frameworks */ = {isa = PBXBuildFile; fileRef = AC7E872210233F0A0030598D /* CoreLocation.framework */; };
		AC7E872E10233F800030598D /* ProgrammaticAdViewController.m in Sources */ = {isa = PBXBuildFile; fileRef = AC7E872C10233F800030598D /* ProgrammaticAdViewController.m */; };
		AC7E873410233FE10030598D /* AddressBook.framework in Frameworks */ = {isa = PBXBuildFile; fileRef = AC7E873310233FE10030598D /* AddressBook.framework */; };
		AC7E873610233FE10030598D /* QuartzCore.framework in Frameworks */ = {isa = PBXBuildFile; fileRef = AC7E873510233FE10030598D /* QuartzCore.framework */; };
		AC7E87B4102356400030598D /* Icon.png in Resources */ = {isa = PBXBuildFile; fileRef = AC7E87B3102356400030598D /* Icon.png */; };
		AC7E87CA1023D6170030598D /* FocaploAdView.m in Sources */ = {isa = PBXBuildFile; fileRef = AC7E87C91023D6170030598D /* FocaploAdView.m */; };
		AC7E891A102634BC0030598D /* FocaploAdViewController.m in Sources */ = {isa = PBXBuildFile; fileRef = AC7E8919102634BC0030598D /* FocaploAdViewController.m */; };
		AC7E89501027307D0030598D /* icon-small-wd.jpg in Resources */ = {isa = PBXBuildFile; fileRef = AC7E894F1027307D0030598D /* icon-small-wd.jpg */; };
		AC7E8BA4102785570030598D /* MediaPlayer.framework in Frameworks */ = {isa = PBXBuildFile; fileRef = AC7E8BA3102785570030598D /* MediaPlayer.framework */; };
		AC7E8BCA102786750030598D /* Movie.m4v in Resources */ = {isa = PBXBuildFile; fileRef = AC7E8BC9102786750030598D /* Movie.m4v */; };
		AC8E52B7100ED3B6006E88D1 /* NHTSA-C-example.png in Resources */ = {isa = PBXBuildFile; fileRef = AC8E52B6100ED3B6006E88D1 /* NHTSA-C-example.png */; };
		AC91E96510181C9E00B9412D /* Icon.png1 in Resources */ = {isa = PBXBuildFile; fileRef = AC91E96410181C9E00B9412D /* Icon.png1 */; };
		AC926D48100E457600CA5BAA /* MyRssReader.m in Sources */ = {isa = PBXBuildFile; fileRef = AC926D47100E457600CA5BAA /* MyRssReader.m */; };
		AC926DA2100E4D4400CA5BAA /* AbstractBaseRssTableViewController.m in Sources */ = {isa = PBXBuildFile; fileRef = AC926DA1100E4D4400CA5BAA /* AbstractBaseRssTableViewController.m */; };
		AC926DD8100E502000CA5BAA /* GlobalConfiguration.m in Sources */ = {isa = PBXBuildFile; fileRef = AC926DD4100E502000CA5BAA /* GlobalConfiguration.m */; };
		AC926DD9100E502000CA5BAA /* DebugLog.m in Sources */ = {isa = PBXBuildFile; fileRef = AC926DD6100E502000CA5BAA /* DebugLog.m */; };
		AC926F81100E6F4B00CA5BAA /* ConsumerInformationViewController.m in Sources */ = {isa = PBXBuildFile; fileRef = AC926F80100E6F4B00CA5BAA /* ConsumerInformationViewController.m */; };
		AC926F84100E6F6000CA5BAA /* MoneyInformationViewController.m in Sources */ = {isa = PBXBuildFile; fileRef = AC926F83100E6F6000CA5BAA /* MoneyInformationViewController.m */; };
		AC926F87100E6F9A00CA5BAA /* RecallListViewController.m in Sources */ = {isa = PBXBuildFile; fileRef = AC926F86100E6F9A00CA5BAA /* RecallListViewController.m */; };
		AC92702E100E7C0C00CA5BAA /* BaseItemDetailViewController.m in Sources */ = {isa = PBXBuildFile; fileRef = AC92702C100E7C0C00CA5BAA /* BaseItemDetailViewController.m */; };
		AD3B4425125B7ABD00875655 /* CXMLNode.m in Sources */ = {isa = PBXBuildFile; fileRef = AD3B4413125B7ABC00875655 /* CXMLNode.m */; };
		AD3B4426125B7ABD00875655 /* CXMLNode_XPathExtensions.m in Sources */ = {isa = PBXBuildFile; fileRef = AD3B4415125B7ABC00875655 /* CXMLNode_XPathExtensions.m */; };
		AD3B4427125B7ABD00875655 /* CXMLNode_PrivateExtensions.m in Sources */ = {isa = PBXBuildFile; fileRef = AD3B4417125B7ABC00875655 /* CXMLNode_PrivateExtensions.m */; };
		AD3B4428125B7ABD00875655 /* CXMLNamespaceNode.m in Sources */ = {isa = PBXBuildFile; fileRef = AD3B4419125B7ABC00875655 /* CXMLNamespaceNode.m */; };
		AD3B4429125B7ABD00875655 /* CXMLElement.m in Sources */ = {isa = PBXBuildFile; fileRef = AD3B441B125B7ABC00875655 /* CXMLElement.m */; };
		AD3B442A125B7ABD00875655 /* CXMLElement_ElementTreeExtensions.m in Sources */ = {isa = PBXBuildFile; fileRef = AD3B441D125B7ABC00875655 /* CXMLElement_ElementTreeExtensions.m */; };
		AD3B442B125B7ABD00875655 /* CXMLElement_CreationExtensions.m in Sources */ = {isa = PBXBuildFile; fileRef = AD3B441F125B7ABC00875655 /* CXMLElement_CreationExtensions.m */; };
		AD3B442C125B7ABD00875655 /* CXMLDocument.m in Sources */ = {isa = PBXBuildFile; fileRef = AD3B4421125B7ABD00875655 /* CXMLDocument.m */; };
		AD3B442D125B7ABD00875655 /* CXMLDocument_PrivateExtensions.m in Sources */ = {isa = PBXBuildFile; fileRef = AD3B4423125B7ABD00875655 /* CXMLDocument_PrivateExtensions.m */; };
		AD3B4437125B7AEA00875655 /* CXMLNode_CreationExtensions.m in Sources */ = {isa = PBXBuildFile; fileRef = AD3B4433125B7AEA00875655 /* CXMLNode_CreationExtensions.m */; };
		AD3B4438125B7AEA00875655 /* CXMLDocument_CreationExtensions.m in Sources */ = {isa = PBXBuildFile; fileRef = AD3B4435125B7AEA00875655 /* CXMLDocument_CreationExtensions.m */; };
		AD3B443B125B7AF900875655 /* CTidy.m in Sources */ = {isa = PBXBuildFile; fileRef = AD3B4439125B7AF900875655 /* CTidy.m */; };
		AD3B4451125B7BCD00875655 /* README in Resources */ = {isa = PBXBuildFile; fileRef = AD3B4450125B7BCD00875655 /* README */; };
/* End PBXBuildFile section */

/* Begin PBXFileReference section */
		1D30AB110D05D00D00671497 /* Foundation.framework */ = {isa = PBXFileReference; lastKnownFileType = wrapper.framework; name = Foundation.framework; path = System/Library/Frameworks/Foundation.framework; sourceTree = SDKROOT; };
		1D3623240D0F684500981E51 /* USRecallAppDelegate.h */ = {isa = PBXFileReference; fileEncoding = 4; lastKnownFileType = sourcecode.c.h; path = USRecallAppDelegate.h; sourceTree = "<group>"; };
		1D3623250D0F684500981E51 /* USRecallAppDelegate.m */ = {isa = PBXFileReference; fileEncoding = 4; lastKnownFileType = sourcecode.c.objc; path = USRecallAppDelegate.m; sourceTree = "<group>"; };
		1D6058910D05DD3D006BFB54 /* Alert.app */ = {isa = PBXFileReference; explicitFileType = wrapper.application; includeInIndex = 0; path = Alert.app; sourceTree = BUILT_PRODUCTS_DIR; };
		1DF5F4DF0D08C38300B7A737 /* UIKit.framework */ = {isa = PBXFileReference; lastKnownFileType = wrapper.framework; name = UIKit.framework; path = System/Library/Frameworks/UIKit.framework; sourceTree = SDKROOT; };
		288765FC0DF74451002DB57D /* CoreGraphics.framework */ = {isa = PBXFileReference; lastKnownFileType = wrapper.framework; name = CoreGraphics.framework; path = System/Library/Frameworks/CoreGraphics.framework; sourceTree = SDKROOT; };
		28AD733E0D9D9553002E5188 /* MainWindow.xib */ = {isa = PBXFileReference; lastKnownFileType = file.xib; path = MainWindow.xib; sourceTree = "<group>"; };
		29B97316FDCFA39411CA2CEA /* main.m */ = {isa = PBXFileReference; fileEncoding = 4; lastKnownFileType = sourcecode.c.objc; path = main.m; sourceTree = "<group>"; };
		32CA4F630368D1EE00C91783 /* USRecall_Prefix.pch */ = {isa = PBXFileReference; fileEncoding = 4; lastKnownFileType = sourcecode.c.h; path = USRecall_Prefix.pch; sourceTree = "<group>"; };
		8D1107310486CEB800E47090 /* USRecall-Info.plist */ = {isa = PBXFileReference; fileEncoding = 4; lastKnownFileType = text.plist.xml; path = "USRecall-Info.plist"; plistStructureDefinitionIdentifier = "com.apple.xcode.plist.structure-definition.iphone.info-plist"; sourceTree = "<group>"; };
		AC7E8556102205FB0030598D /* CPSC-recreation.jpg */ = {isa = PBXFileReference; lastKnownFileType = image.jpeg; path = "CPSC-recreation.jpg"; sourceTree = "<group>"; };
		AC7E8557102205FB0030598D /* CPSC-outdoor.jpg */ = {isa = PBXFileReference; lastKnownFileType = image.jpeg; path = "CPSC-outdoor.jpg"; sourceTree = "<group>"; };
		AC7E8558102205FB0030598D /* CPSC-household.jpg */ = {isa = PBXFileReference; lastKnownFileType = image.jpeg; path = "CPSC-household.jpg"; sourceTree = "<group>"; };
		AC7E8559102205FB0030598D /* CPSC-child.jpg */ = {isa = PBXFileReference; lastKnownFileType = image.jpeg; path = "CPSC-child.jpg"; sourceTree = "<group>"; };
		AC7E855A102205FB0030598D /* NHTSA-T.jpg */ = {isa = PBXFileReference; lastKnownFileType = image.jpeg; path = "NHTSA-T.jpg"; sourceTree = "<group>"; };
		AC7E855B102205FB0030598D /* NHTSA-C.jpg */ = {isa = PBXFileReference; lastKnownFileType = image.jpeg; path = "NHTSA-C.jpg"; sourceTree = "<group>"; };
		AC7E855C102205FB0030598D /* NHTSA-V.gif */ = {isa = PBXFileReference; lastKnownFileType = image.gif; path = "NHTSA-V.gif"; sourceTree = "<group>"; };
		AC7E855D102205FB0030598D /* FDA.jpg */ = {isa = PBXFileReference; lastKnownFileType = image.jpeg; path = FDA.jpg; sourceTree = "<group>"; };
		AC7E856A102207990030598D /* PUEBLO-Consumer.jpg */ = {isa = PBXFileReference; lastKnownFileType = image.jpeg; path = "PUEBLO-Consumer.jpg"; sourceTree = "<group>"; };
		AC7E856D1022081A0030598D /* PUEBLO-Money.jpg */ = {isa = PBXFileReference; lastKnownFileType = image.jpeg; path = "PUEBLO-Money.jpg"; sourceTree = "<group>"; };
		AC7E866B1022240F0030598D /* email.png */ = {isa = PBXFileReference; lastKnownFileType = image.png; path = email.png; sourceTree = "<group>"; };
		AC7E866E1022246C0030598D /* finance-tab.png */ = {isa = PBXFileReference; lastKnownFileType = image.png; path = "finance-tab.png"; sourceTree = "<group>"; };
		AC7E8671102224BA0030598D /* recall-tab.png */ = {isa = PBXFileReference; lastKnownFileType = image.png; path = "recall-tab.png"; sourceTree = "<group>"; };
		AC7E8672102224BA0030598D /* consumer-tab.png */ = {isa = PBXFileReference; lastKnownFileType = image.png; path = "consumer-tab.png"; sourceTree = "<group>"; };
		AC7E86B110222AED0030598D /* Default.png */ = {isa = PBXFileReference; lastKnownFileType = image.png; path = Default.png; sourceTree = "<group>"; };
		AC7E871710233EA10030598D /* libAdMobSimulator.a */ = {isa = PBXFileReference; lastKnownFileType = archive.ar; path = libAdMobSimulator.a; sourceTree = "<group>"; };
		AC7E871810233EA10030598D /* libAdMobDevice.a */ = {isa = PBXFileReference; lastKnownFileType = archive.ar; path = libAdMobDevice.a; sourceTree = "<group>"; };
		AC7E871910233EA10030598D /* AdMobView.h */ = {isa = PBXFileReference; fileEncoding = 4; lastKnownFileType = sourcecode.c.h; path = AdMobView.h; sourceTree = "<group>"; };
		AC7E871A10233EA10030598D /* AdMobDelegateProtocol.h */ = {isa = PBXFileReference; fileEncoding = 4; lastKnownFileType = sourcecode.c.h; path = AdMobDelegateProtocol.h; sourceTree = "<group>"; };
		AC7E872210233F0A0030598D /* CoreLocation.framework */ = {isa = PBXFileReference; lastKnownFileType = wrapper.framework; name = CoreLocation.framework; path = System/Library/Frameworks/CoreLocation.framework; sourceTree = SDKROOT; };
		AC7E872C10233F800030598D /* ProgrammaticAdViewController.m */ = {isa = PBXFileReference; fileEncoding = 4; lastKnownFileType = sourcecode.c.objc; path = ProgrammaticAdViewController.m; sourceTree = "<group>"; };
		AC7E872D10233F800030598D /* ProgrammaticAdViewController.h */ = {isa = PBXFileReference; fileEncoding = 4; lastKnownFileType = sourcecode.c.h; path = ProgrammaticAdViewController.h; sourceTree = "<group>"; };
		AC7E873310233FE10030598D /* AddressBook.framework */ = {isa = PBXFileReference; lastKnownFileType = wrapper.framework; name = AddressBook.framework; path = System/Library/Frameworks/AddressBook.framework; sourceTree = SDKROOT; };
		AC7E873510233FE10030598D /* QuartzCore.framework */ = {isa = PBXFileReference; lastKnownFileType = wrapper.framework; name = QuartzCore.framework; path = System/Library/Frameworks/QuartzCore.framework; sourceTree = SDKROOT; };
		AC7E87B3102356400030598D /* Icon.png */ = {isa = PBXFileReference; lastKnownFileType = image.png; path = Icon.png; sourceTree = "<group>"; };
		AC7E87C81023D6170030598D /* FocaploAdView.h */ = {isa = PBXFileReference; fileEncoding = 4; lastKnownFileType = sourcecode.c.h; path = FocaploAdView.h; sourceTree = "<group>"; };
		AC7E87C91023D6170030598D /* FocaploAdView.m */ = {isa = PBXFileReference; fileEncoding = 4; lastKnownFileType = sourcecode.c.objc; path = FocaploAdView.m; sourceTree = "<group>"; };
		AC7E8918102634BC0030598D /* FocaploAdViewController.h */ = {isa = PBXFileReference; fileEncoding = 4; lastKnownFileType = sourcecode.c.h; path = FocaploAdViewController.h; sourceTree = "<group>"; };
		AC7E8919102634BC0030598D /* FocaploAdViewController.m */ = {isa = PBXFileReference; fileEncoding = 4; lastKnownFileType = sourcecode.c.objc; path = FocaploAdViewController.m; sourceTree = "<group>"; };
		AC7E894F1027307D0030598D /* icon-small-wd.jpg */ = {isa = PBXFileReference; lastKnownFileType = image.jpeg; path = "icon-small-wd.jpg"; sourceTree = "<group>"; };
		AC7E8BA3102785570030598D /* MediaPlayer.framework */ = {isa = PBXFileReference; lastKnownFileType = wrapper.framework; name = MediaPlayer.framework; path = System/Library/Frameworks/MediaPlayer.framework; sourceTree = SDKROOT; };
		AC7E8BC9102786750030598D /* Movie.m4v */ = {isa = PBXFileReference; lastKnownFileType = file; path = Movie.m4v; sourceTree = "<group>"; };
		AC8E52B6100ED3B6006E88D1 /* NHTSA-C-example.png */ = {isa = PBXFileReference; lastKnownFileType = image.png; path = "NHTSA-C-example.png"; sourceTree = "<group>"; };
		AC91E96410181C9E00B9412D /* Icon.png1 */ = {isa = PBXFileReference; lastKnownFileType = file; path = Icon.png1; sourceTree = "<group>"; };
		AC926D46100E457600CA5BAA /* MyRssReader.h */ = {isa = PBXFileReference; fileEncoding = 4; lastKnownFileType = sourcecode.c.h; path = MyRssReader.h; sourceTree = "<group>"; };
		AC926D47100E457600CA5BAA /* MyRssReader.m */ = {isa = PBXFileReference; fileEncoding = 4; lastKnownFileType = sourcecode.c.objc; path = MyRssReader.m; sourceTree = "<group>"; };
		AC926DA0100E4D4400CA5BAA /* AbstractBaseRssTableViewController.h */ = {isa = PBXFileReference; fileEncoding = 4; lastKnownFileType = sourcecode.c.h; path = AbstractBaseRssTableViewController.h; sourceTree = "<group>"; };
		AC926DA1100E4D4400CA5BAA /* AbstractBaseRssTableViewController.m */ = {isa = PBXFileReference; fileEncoding = 4; lastKnownFileType = sourcecode.c.objc; path = AbstractBaseRssTableViewController.m; sourceTree = "<group>"; };
		AC926DD3100E502000CA5BAA /* GlobalHeader.h */ = {isa = PBXFileReference; fileEncoding = 4; lastKnownFileType = sourcecode.c.h; path = GlobalHeader.h; sourceTree = "<group>"; };
		AC926DD4100E502000CA5BAA /* GlobalConfiguration.m */ = {isa = PBXFileReference; fileEncoding = 4; lastKnownFileType = sourcecode.c.objc; path = GlobalConfiguration.m; sourceTree = "<group>"; };
		AC926DD5100E502000CA5BAA /* GlobalConfiguration.h */ = {isa = PBXFileReference; fileEncoding = 4; lastKnownFileType = sourcecode.c.h; path = GlobalConfiguration.h; sourceTree = "<group>"; };
		AC926DD6100E502000CA5BAA /* DebugLog.m */ = {isa = PBXFileReference; fileEncoding = 4; lastKnownFileType = sourcecode.c.objc; path = DebugLog.m; sourceTree = "<group>"; };
		AC926DD7100E502000CA5BAA /* DebugLog.h */ = {isa = PBXFileReference; fileEncoding = 4; lastKnownFileType = sourcecode.c.h; path = DebugLog.h; sourceTree = "<group>"; };
		AC926F7F100E6F4B00CA5BAA /* ConsumerInformationViewController.h */ = {isa = PBXFileReference; fileEncoding = 4; lastKnownFileType = sourcecode.c.h; path = ConsumerInformationViewController.h; sourceTree = "<group>"; };
		AC926F80100E6F4B00CA5BAA /* ConsumerInformationViewController.m */ = {isa = PBXFileReference; fileEncoding = 4; lastKnownFileType = sourcecode.c.objc; path = ConsumerInformationViewController.m; sourceTree = "<group>"; };
		AC926F82100E6F6000CA5BAA /* MoneyInformationViewController.h */ = {isa = PBXFileReference; fileEncoding = 4; lastKnownFileType = sourcecode.c.h; path = MoneyInformationViewController.h; sourceTree = "<group>"; };
		AC926F83100E6F6000CA5BAA /* MoneyInformationViewController.m */ = {isa = PBXFileReference; fileEncoding = 4; lastKnownFileType = sourcecode.c.objc; path = MoneyInformationViewController.m; sourceTree = "<group>"; };
		AC926F85100E6F9A00CA5BAA /* RecallListViewController.h */ = {isa = PBXFileReference; fileEncoding = 4; lastKnownFileType = sourcecode.c.h; path = RecallListViewController.h; sourceTree = "<group>"; };
		AC926F86100E6F9A00CA5BAA /* RecallListViewController.m */ = {isa = PBXFileReference; fileEncoding = 4; lastKnownFileType = sourcecode.c.objc; path = RecallListViewController.m; sourceTree = "<group>"; };
		AC92702B100E7C0C00CA5BAA /* BaseItemDetailViewController.h */ = {isa = PBXFileReference; fileEncoding = 4; lastKnownFileType = sourcecode.c.h; path = BaseItemDetailViewController.h; sourceTree = "<group>"; };
		AC92702C100E7C0C00CA5BAA /* BaseItemDetailViewController.m */ = {isa = PBXFileReference; fileEncoding = 4; lastKnownFileType = sourcecode.c.objc; path = BaseItemDetailViewController.m; sourceTree = "<group>"; };
		AD3B4412125B7A9300875655 /* TouchXML.h */ = {isa = PBXFileReference; lastKnownFileType = sourcecode.c.h; path = TouchXML.h; sourceTree = "<group>"; };
		AD3B4413125B7ABC00875655 /* CXMLNode.m */ = {isa = PBXFileReference; fileEncoding = 4; lastKnownFileType = sourcecode.c.objc; path = CXMLNode.m; sourceTree = "<group>"; };
		AD3B4414125B7ABC00875655 /* CXMLNode.h */ = {isa = PBXFileReference; fileEncoding = 4; lastKnownFileType = sourcecode.c.h; path = CXMLNode.h; sourceTree = "<group>"; };
		AD3B4415125B7ABC00875655 /* CXMLNode_XPathExtensions.m */ = {isa = PBXFileReference; fileEncoding = 4; lastKnownFileType = sourcecode.c.objc; path = CXMLNode_XPathExtensions.m; sourceTree = "<group>"; };
		AD3B4416125B7ABC00875655 /* CXMLNode_XPathExtensions.h */ = {isa = PBXFileReference; fileEncoding = 4; lastKnownFileType = sourcecode.c.h; path = CXMLNode_XPathExtensions.h; sourceTree = "<group>"; };
		AD3B4417125B7ABC00875655 /* CXMLNode_PrivateExtensions.m */ = {isa = PBXFileReference; fileEncoding = 4; lastKnownFileType = sourcecode.c.objc; path = CXMLNode_PrivateExtensions.m; sourceTree = "<group>"; };
		AD3B4418125B7ABC00875655 /* CXMLNode_PrivateExtensions.h */ = {isa = PBXFileReference; fileEncoding = 4; lastKnownFileType = sourcecode.c.h; path = CXMLNode_PrivateExtensions.h; sourceTree = "<group>"; };
		AD3B4419125B7ABC00875655 /* CXMLNamespaceNode.m */ = {isa = PBXFileReference; fileEncoding = 4; lastKnownFileType = sourcecode.c.objc; path = CXMLNamespaceNode.m; sourceTree = "<group>"; };
		AD3B441A125B7ABC00875655 /* CXMLNamespaceNode.h */ = {isa = PBXFileReference; fileEncoding = 4; lastKnownFileType = sourcecode.c.h; path = CXMLNamespaceNode.h; sourceTree = "<group>"; };
		AD3B441B125B7ABC00875655 /* CXMLElement.m */ = {isa = PBXFileReference; fileEncoding = 4; lastKnownFileType = sourcecode.c.objc; path = CXMLElement.m; sourceTree = "<group>"; };
		AD3B441C125B7ABC00875655 /* CXMLElement.h */ = {isa = PBXFileReference; fileEncoding = 4; lastKnownFileType = sourcecode.c.h; path = CXMLElement.h; sourceTree = "<group>"; };
		AD3B441D125B7ABC00875655 /* CXMLElement_ElementTreeExtensions.m */ = {isa = PBXFileReference; fileEncoding = 4; lastKnownFileType = sourcecode.c.objc; path = CXMLElement_ElementTreeExtensions.m; sourceTree = "<group>"; };
		AD3B441E125B7ABC00875655 /* CXMLElement_ElementTreeExtensions.h */ = {isa = PBXFileReference; fileEncoding = 4; lastKnownFileType = sourcecode.c.h; path = CXMLElement_ElementTreeExtensions.h; sourceTree = "<group>"; };
		AD3B441F125B7ABC00875655 /* CXMLElement_CreationExtensions.m */ = {isa = PBXFileReference; fileEncoding = 4; lastKnownFileType = sourcecode.c.objc; path = CXMLElement_CreationExtensions.m; sourceTree = "<group>"; };
		AD3B4420125B7ABD00875655 /* CXMLElement_CreationExtensions.h */ = {isa = PBXFileReference; fileEncoding = 4; lastKnownFileType = sourcecode.c.h; path = CXMLElement_CreationExtensions.h; sourceTree = "<group>"; };
		AD3B4421125B7ABD00875655 /* CXMLDocument.m */ = {isa = PBXFileReference; fileEncoding = 4; lastKnownFileType = sourcecode.c.objc; path = CXMLDocument.m; sourceTree = "<group>"; };
		AD3B4422125B7ABD00875655 /* CXMLDocument.h */ = {isa = PBXFileReference; fileEncoding = 4; lastKnownFileType = sourcecode.c.h; path = CXMLDocument.h; sourceTree = "<group>"; };
		AD3B4423125B7ABD00875655 /* CXMLDocument_PrivateExtensions.m */ = {isa = PBXFileReference; fileEncoding = 4; lastKnownFileType = sourcecode.c.objc; path = CXMLDocument_PrivateExtensions.m; sourceTree = "<group>"; };
		AD3B4424125B7ABD00875655 /* CXMLDocument_PrivateExtensions.h */ = {isa = PBXFileReference; fileEncoding = 4; lastKnownFileType = sourcecode.c.h; path = CXMLDocument_PrivateExtensions.h; sourceTree = "<group>"; };
		AD3B4433125B7AEA00875655 /* CXMLNode_CreationExtensions.m */ = {isa = PBXFileReference; fileEncoding = 4; lastKnownFileType = sourcecode.c.objc; path = CXMLNode_CreationExtensions.m; sourceTree = "<group>"; };
		AD3B4434125B7AEA00875655 /* CXMLNode_CreationExtensions.h */ = {isa = PBXFileReference; fileEncoding = 4; lastKnownFileType = sourcecode.c.h; path = CXMLNode_CreationExtensions.h; sourceTree = "<group>"; };
		AD3B4435125B7AEA00875655 /* CXMLDocument_CreationExtensions.m */ = {isa = PBXFileReference; fileEncoding = 4; lastKnownFileType = sourcecode.c.objc; path = CXMLDocument_CreationExtensions.m; sourceTree = "<group>"; };
		AD3B4436125B7AEA00875655 /* CXMLDocument_CreationExtensions.h */ = {isa = PBXFileReference; fileEncoding = 4; lastKnownFileType = sourcecode.c.h; path = CXMLDocument_CreationExtensions.h; sourceTree = "<group>"; };
		AD3B4439125B7AF900875655 /* CTidy.m */ = {isa = PBXFileReference; fileEncoding = 4; lastKnownFileType = sourcecode.c.objc; path = CTidy.m; sourceTree = "<group>"; };
		AD3B443A125B7AF900875655 /* CTidy.h */ = {isa = PBXFileReference; fileEncoding = 4; lastKnownFileType = sourcecode.c.h; path = CTidy.h; sourceTree = "<group>"; };
		AD3B4450125B7BCD00875655 /* README */ = {isa = PBXFileReference; fileEncoding = 4; lastKnownFileType = text; path = README; sourceTree = "<group>"; };
/* End PBXFileReference section */

/* Begin PBXFrameworksBuildPhase section */
		1D60588F0D05DD3D006BFB54 /* Frameworks */ = {
			isa = PBXFrameworksBuildPhase;
			buildActionMask = 2147483647;
			files = (
				1D60589F0D05DD5A006BFB54 /* Foundation.framework in Frameworks */,
				1DF5F4E00D08C38300B7A737 /* UIKit.framework in Frameworks */,
				288765FD0DF74451002DB57D /* CoreGraphics.framework in Frameworks */,
				AC7E871B10233EA10030598D /* libAdMobSimulator.a in Frameworks */,
				AC7E871C10233EA10030598D /* libAdMobDevice.a in Frameworks */,
				AC7E872310233F0A0030598D /* CoreLocation.framework in Frameworks */,
				AC7E873410233FE10030598D /* AddressBook.framework in Frameworks */,
				AC7E873610233FE10030598D /* QuartzCore.framework in Frameworks */,
				AC7E8BA4102785570030598D /* MediaPlayer.framework in Frameworks */,
			);
			runOnlyForDeploymentPostprocessing = 0;
		};
/* End PBXFrameworksBuildPhase section */

/* Begin PBXGroup section */
		080E96DDFE201D6D7F000001 /* Classes */ = {
			isa = PBXGroup;
			children = (
				AD3B4411125B7A7E00875655 /* touchXML */,
				AC7E878A1023473A0030598D /* focaplo-ad */,
				AC7E872B10233F530030598D /* admob-view */,
				AC926DD2100E4FFE00CA5BAA /* common */,
				AC926D82100E4C7100CA5BAA /* viewController */,
				AC926D45100E455500CA5BAA /* rssReader */,
				1D3623240D0F684500981E51 /* USRecallAppDelegate.h */,
				1D3623250D0F684500981E51 /* USRecallAppDelegate.m */,
			);
			path = Classes;
			sourceTree = "<group>";
		};
		19C28FACFE9D520D11CA2CBB /* Products */ = {
			isa = PBXGroup;
			children = (
				1D6058910D05DD3D006BFB54 /* Alert.app */,
			);
			name = Products;
			sourceTree = "<group>";
		};
		29B97314FDCFA39411CA2CEA /* CustomTemplate */ = {
			isa = PBXGroup;
			children = (
				AC7E871210233E7F0030598D /* admob */,
				080E96DDFE201D6D7F000001 /* Classes */,
				29B97315FDCFA39411CA2CEA /* Other Sources */,
				29B97317FDCFA39411CA2CEA /* Resources */,
				29B97323FDCFA39411CA2CEA /* Frameworks */,
				19C28FACFE9D520D11CA2CBB /* Products */,
				AC7E872210233F0A0030598D /* CoreLocation.framework */,
				AC7E873310233FE10030598D /* AddressBook.framework */,
				AC7E873510233FE10030598D /* QuartzCore.framework */,
				AC7E8BA3102785570030598D /* MediaPlayer.framework */,
				AD3B4450125B7BCD00875655 /* README */,
			);
			name = CustomTemplate;
			sourceTree = "<group>";
		};
		29B97315FDCFA39411CA2CEA /* Other Sources */ = {
			isa = PBXGroup;
			children = (
				32CA4F630368D1EE00C91783 /* USRecall_Prefix.pch */,
				29B97316FDCFA39411CA2CEA /* main.m */,
			);
			name = "Other Sources";
			sourceTree = "<group>";
		};
		29B97317FDCFA39411CA2CEA /* Resources */ = {
			isa = PBXGroup;
			children = (
				AC7E8BC9102786750030598D /* Movie.m4v */,
				AC8E52B5100ED3A8006E88D1 /* images */,
				28AD733E0D9D9553002E5188 /* MainWindow.xib */,
				8D1107310486CEB800E47090 /* USRecall-Info.plist */,
			);
			name = Resources;
			sourceTree = "<group>";
		};
		29B97323FDCFA39411CA2CEA /* Frameworks */ = {
			isa = PBXGroup;
			children = (
				1DF5F4DF0D08C38300B7A737 /* UIKit.framework */,
				1D30AB110D05D00D00671497 /* Foundation.framework */,
				288765FC0DF74451002DB57D /* CoreGraphics.framework */,
			);
			name = Frameworks;
			sourceTree = "<group>";
		};
		AC7E871210233E7F0030598D /* admob */ = {
			isa = PBXGroup;
			children = (
				AC7E871710233EA10030598D /* libAdMobSimulator.a */,
				AC7E871810233EA10030598D /* libAdMobDevice.a */,
				AC7E871910233EA10030598D /* AdMobView.h */,
				AC7E871A10233EA10030598D /* AdMobDelegateProtocol.h */,
			);
			name = admob;
			sourceTree = "<group>";
		};
		AC7E872B10233F530030598D /* admob-view */ = {
			isa = PBXGroup;
			children = (
				AC7E872C10233F800030598D /* ProgrammaticAdViewController.m */,
				AC7E872D10233F800030598D /* ProgrammaticAdViewController.h */,
			);
			name = "admob-view";
			sourceTree = "<group>";
		};
		AC7E878A1023473A0030598D /* focaplo-ad */ = {
			isa = PBXGroup;
			children = (
				AC7E87C81023D6170030598D /* FocaploAdView.h */,
				AC7E87C91023D6170030598D /* FocaploAdView.m */,
				AC7E8918102634BC0030598D /* FocaploAdViewController.h */,
				AC7E8919102634BC0030598D /* FocaploAdViewController.m */,
			);
			name = "focaplo-ad";
			sourceTree = "<group>";
		};
		AC8E52B5100ED3A8006E88D1 /* images */ = {
			isa = PBXGroup;
			children = (
				AC7E894F1027307D0030598D /* icon-small-wd.jpg */,
				AC7E87B3102356400030598D /* Icon.png */,
				AC7E86B110222AED0030598D /* Default.png */,
				AC7E8671102224BA0030598D /* recall-tab.png */,
				AC7E8672102224BA0030598D /* consumer-tab.png */,
				AC7E866E1022246C0030598D /* finance-tab.png */,
				AC7E866B1022240F0030598D /* email.png */,
				AC7E856D1022081A0030598D /* PUEBLO-Money.jpg */,
				AC7E856A102207990030598D /* PUEBLO-Consumer.jpg */,
				AC7E8556102205FB0030598D /* CPSC-recreation.jpg */,
				AC7E8557102205FB0030598D /* CPSC-outdoor.jpg */,
				AC7E8558102205FB0030598D /* CPSC-household.jpg */,
				AC7E8559102205FB0030598D /* CPSC-child.jpg */,
				AC7E855A102205FB0030598D /* NHTSA-T.jpg */,
				AC7E855B102205FB0030598D /* NHTSA-C.jpg */,
				AC7E855C102205FB0030598D /* NHTSA-V.gif */,
				AC7E855D102205FB0030598D /* FDA.jpg */,
				AC91E96410181C9E00B9412D /* Icon.png1 */,
				AC8E52B6100ED3B6006E88D1 /* NHTSA-C-example.png */,
			);
			name = images;
			sourceTree = "<group>";
		};
		AC926D45100E455500CA5BAA /* rssReader */ = {
			isa = PBXGroup;
			children = (
				AC926D46100E457600CA5BAA /* MyRssReader.h */,
				AC926D47100E457600CA5BAA /* MyRssReader.m */,
			);
			name = rssReader;
			sourceTree = "<group>";
		};
		AC926D82100E4C7100CA5BAA /* viewController */ = {
			isa = PBXGroup;
			children = (
				AC926DA0100E4D4400CA5BAA /* AbstractBaseRssTableViewController.h */,
				AC926DA1100E4D4400CA5BAA /* AbstractBaseRssTableViewController.m */,
				AC926F7F100E6F4B00CA5BAA /* ConsumerInformationViewController.h */,
				AC926F80100E6F4B00CA5BAA /* ConsumerInformationViewController.m */,
				AC926F82100E6F6000CA5BAA /* MoneyInformationViewController.h */,
				AC926F83100E6F6000CA5BAA /* MoneyInformationViewController.m */,
				AC926F85100E6F9A00CA5BAA /* RecallListViewController.h */,
				AC926F86100E6F9A00CA5BAA /* RecallListViewController.m */,
				AC92702B100E7C0C00CA5BAA /* BaseItemDetailViewController.h */,
				AC92702C100E7C0C00CA5BAA /* BaseItemDetailViewController.m */,
			);
			name = viewController;
			sourceTree = "<group>";
		};
		AC926DD2100E4FFE00CA5BAA /* common */ = {
			isa = PBXGroup;
			children = (
				AC926DD3100E502000CA5BAA /* GlobalHeader.h */,
				AC926DD4100E502000CA5BAA /* GlobalConfiguration.m */,
				AC926DD5100E502000CA5BAA /* GlobalConfiguration.h */,
				AC926DD6100E502000CA5BAA /* DebugLog.m */,
				AC926DD7100E502000CA5BAA /* DebugLog.h */,
			);
			name = common;
			sourceTree = "<group>";
		};
		AD3B43DD125B7A1300875655 /* Tidy */ = {
			isa = PBXGroup;
			children = (
				AD3B4439125B7AF900875655 /* CTidy.m */,
				AD3B443A125B7AF900875655 /* CTidy.h */,
			);
			path = Tidy;
			sourceTree = "<group>";
		};
		AD3B43F2125B7A1300875655 /* Creation */ = {
			isa = PBXGroup;
			children = (
				AD3B4433125B7AEA00875655 /* CXMLNode_CreationExtensions.m */,
				AD3B4434125B7AEA00875655 /* CXMLNode_CreationExtensions.h */,
				AD3B4435125B7AEA00875655 /* CXMLDocument_CreationExtensions.m */,
				AD3B4436125B7AEA00875655 /* CXMLDocument_CreationExtensions.h */,
			);
			path = Creation;
			sourceTree = "<group>";
		};
		AD3B4411125B7A7E00875655 /* touchXML */ = {
			isa = PBXGroup;
			children = (
				AD3B4413125B7ABC00875655 /* CXMLNode.m */,
				AD3B4414125B7ABC00875655 /* CXMLNode.h */,
				AD3B4415125B7ABC00875655 /* CXMLNode_XPathExtensions.m */,
				AD3B4416125B7ABC00875655 /* CXMLNode_XPathExtensions.h */,
				AD3B4417125B7ABC00875655 /* CXMLNode_PrivateExtensions.m */,
				AD3B4418125B7ABC00875655 /* CXMLNode_PrivateExtensions.h */,
				AD3B4419125B7ABC00875655 /* CXMLNamespaceNode.m */,
				AD3B441A125B7ABC00875655 /* CXMLNamespaceNode.h */,
				AD3B441B125B7ABC00875655 /* CXMLElement.m */,
				AD3B441C125B7ABC00875655 /* CXMLElement.h */,
				AD3B441D125B7ABC00875655 /* CXMLElement_ElementTreeExtensions.m */,
				AD3B441E125B7ABC00875655 /* CXMLElement_ElementTreeExtensions.h */,
				AD3B441F125B7ABC00875655 /* CXMLElement_CreationExtensions.m */,
				AD3B4420125B7ABD00875655 /* CXMLElement_CreationExtensions.h */,
				AD3B4421125B7ABD00875655 /* CXMLDocument.m */,
				AD3B4422125B7ABD00875655 /* CXMLDocument.h */,
				AD3B4423125B7ABD00875655 /* CXMLDocument_PrivateExtensions.m */,
				AD3B4424125B7ABD00875655 /* CXMLDocument_PrivateExtensions.h */,
				AD3B43F2125B7A1300875655 /* Creation */,
				AD3B43DD125B7A1300875655 /* Tidy */,
				AD3B4412125B7A9300875655 /* TouchXML.h */,
			);
			name = touchXML;
			sourceTree = "<group>";
		};
/* End PBXGroup section */

/* Begin PBXNativeTarget section */
		1D6058900D05DD3D006BFB54 /* USRecall */ = {
			isa = PBXNativeTarget;
			buildConfigurationList = 1D6058960D05DD3E006BFB54 /* Build configuration list for PBXNativeTarget "USRecall" */;
			buildPhases = (
				1D60588D0D05DD3D006BFB54 /* Resources */,
				1D60588E0D05DD3D006BFB54 /* Sources */,
				1D60588F0D05DD3D006BFB54 /* Frameworks */,
			);
			buildRules = (
			);
			dependencies = (
			);
			name = USRecall;
			productName = USRecall;
			productReference = 1D6058910D05DD3D006BFB54 /* Alert.app */;
			productType = "com.apple.product-type.application";
		};
/* End PBXNativeTarget section */

/* Begin PBXProject section */
		29B97313FDCFA39411CA2CEA /* Project object */ = {
			isa = PBXProject;
			buildConfigurationList = C01FCF4E08A954540054247B /* Build configuration list for PBXProject "USRecall" */;
			compatibilityVersion = "Xcode 3.1";
			developmentRegion = English;
			hasScannedForEncodings = 1;
			knownRegions = (
				English,
				Japanese,
				French,
				German,
			);
			mainGroup = 29B97314FDCFA39411CA2CEA /* CustomTemplate */;
			projectDirPath = "";
			projectRoot = "";
			targets = (
				1D6058900D05DD3D006BFB54 /* USRecall */,
			);
		};
/* End PBXProject section */

/* Begin PBXResourcesBuildPhase section */
		1D60588D0D05DD3D006BFB54 /* Resources */ = {
			isa = PBXResourcesBuildPhase;
			buildActionMask = 2147483647;
			files = (
				28AD733F0D9D9553002E5188 /* MainWindow.xib in Resources */,
				AC8E52B7100ED3B6006E88D1 /* NHTSA-C-example.png in Resources */,
				AC91E96510181C9E00B9412D /* Icon.png1 in Resources */,
				AC7E855E102205FB0030598D /* CPSC-recreation.jpg in Resources */,
				AC7E855F102205FB0030598D /* CPSC-outdoor.jpg in Resources */,
				AC7E8560102205FB0030598D /* CPSC-household.jpg in Resources */,
				AC7E8561102205FB0030598D /* CPSC-child.jpg in Resources */,
				AC7E8562102205FB0030598D /* NHTSA-T.jpg in Resources */,
				AC7E8563102205FB0030598D /* NHTSA-C.jpg in Resources */,
				AC7E8564102205FB0030598D /* NHTSA-V.gif in Resources */,
				AC7E8565102205FB0030598D /* FDA.jpg in Resources */,
				AC7E856B102207990030598D /* PUEBLO-Consumer.jpg in Resources */,
				AC7E856E1022081A0030598D /* PUEBLO-Money.jpg in Resources */,
				AC7E866C1022240F0030598D /* email.png in Resources */,
				AC7E866F1022246C0030598D /* finance-tab.png in Resources */,
				AC7E8673102224BA0030598D /* recall-tab.png in Resources */,
				AC7E8674102224BA0030598D /* consumer-tab.png in Resources */,
				AC7E86B210222AED0030598D /* Default.png in Resources */,
				AC7E87B4102356400030598D /* Icon.png in Resources */,
				AC7E89501027307D0030598D /* icon-small-wd.jpg in Resources */,
				AC7E8BCA102786750030598D /* Movie.m4v in Resources */,
				AD3B4451125B7BCD00875655 /* README in Resources */,
			);
			runOnlyForDeploymentPostprocessing = 0;
		};
/* End PBXResourcesBuildPhase section */

/* Begin PBXSourcesBuildPhase section */
		1D60588E0D05DD3D006BFB54 /* Sources */ = {
			isa = PBXSourcesBuildPhase;
			buildActionMask = 2147483647;
			files = (
				1D60589B0D05DD56006BFB54 /* main.m in Sources */,
				1D3623260D0F684500981E51 /* USRecallAppDelegate.m in Sources */,
				AC926D48100E457600CA5BAA /* MyRssReader.m in Sources */,
				AC926DA2100E4D4400CA5BAA /* AbstractBaseRssTableViewController.m in Sources */,
				AC926DD8100E502000CA5BAA /* GlobalConfiguration.m in Sources */,
				AC926DD9100E502000CA5BAA /* DebugLog.m in Sources */,
				AC926F81100E6F4B00CA5BAA /* ConsumerInformationViewController.m in Sources */,
				AC926F84100E6F6000CA5BAA /* MoneyInformationViewController.m in Sources */,
				AC926F87100E6F9A00CA5BAA /* RecallListViewController.m in Sources */,
				AC92702E100E7C0C00CA5BAA /* BaseItemDetailViewController.m in Sources */,
				AC7E872E10233F800030598D /* ProgrammaticAdViewController.m in Sources */,
				AC7E87CA1023D6170030598D /* FocaploAdView.m in Sources */,
				AC7E891A102634BC0030598D /* FocaploAdViewController.m in Sources */,
				AD3B4425125B7ABD00875655 /* CXMLNode.m in Sources */,
				AD3B4426125B7ABD00875655 /* CXMLNode_XPathExtensions.m in Sources */,
				AD3B4427125B7ABD00875655 /* CXMLNode_PrivateExtensions.m in Sources */,
				AD3B4428125B7ABD00875655 /* CXMLNamespaceNode.m in Sources */,
				AD3B4429125B7ABD00875655 /* CXMLElement.m in Sources */,
				AD3B442A125B7ABD00875655 /* CXMLElement_ElementTreeExtensions.m in Sources */,
				AD3B442B125B7ABD00875655 /* CXMLElement_CreationExtensions.m in Sources */,
				AD3B442C125B7ABD00875655 /* CXMLDocument.m in Sources */,
				AD3B442D125B7ABD00875655 /* CXMLDocument_PrivateExtensions.m in Sources */,
				AD3B4437125B7AEA00875655 /* CXMLNode_CreationExtensions.m in Sources */,
				AD3B4438125B7AEA00875655 /* CXMLDocument_CreationExtensions.m in Sources */,
				AD3B443B125B7AF900875655 /* CTidy.m in Sources */,
			);
			runOnlyForDeploymentPostprocessing = 0;
		};
/* End PBXSourcesBuildPhase section */

/* Begin XCBuildConfiguration section */
		1D6058940D05DD3E006BFB54 /* Debug */ = {
			isa = XCBuildConfiguration;
			buildSettings = {
				ALWAYS_SEARCH_USER_PATHS = NO;
				COPY_PHASE_STRIP = NO;
				GCC_DYNAMIC_NO_PIC = NO;
				GCC_OPTIMIZATION_LEVEL = 0;
				GCC_PRECOMPILE_PREFIX_HEADER = YES;
				GCC_PREFIX_HEADER = USRecall_Prefix.pch;
				INFOPLIST_FILE = "USRecall-Info.plist";
				LIBRARY_SEARCH_PATHS = (
					"$(inherited)",
					"\"$(SRCROOT)\"",
				);
				PRODUCT_NAME = Alert;
				SDKROOT = iphoneos4.1;
			};
			name = Debug;
		};
		1D6058950D05DD3E006BFB54 /* Release */ = {
			isa = XCBuildConfiguration;
			buildSettings = {
				ALWAYS_SEARCH_USER_PATHS = NO;
				"CODE_SIGN_IDENTITY[sdk=iphoneos*]" = "iPhone Developer: Junqiang You (BM5PV249EB)";
				COPY_PHASE_STRIP = YES;
				GCC_PRECOMPILE_PREFIX_HEADER = YES;
				GCC_PREFIX_HEADER = USRecall_Prefix.pch;
				INFOPLIST_FILE = "USRecall-Info.plist";
				LIBRARY_SEARCH_PATHS = (
					"$(inherited)",
					"\"$(SRCROOT)\"",
				);
				PRODUCT_NAME = Alert;
				"PROVISIONING_PROFILE[sdk=iphoneos*]" = "06861CED-6297-4154-AB3B-FB1D7BBE3232";
				SDKROOT = iphoneos4.1;
			};
			name = Release;
		};
		C01FCF4F08A954540054247B /* Debug */ = {
			isa = XCBuildConfiguration;
			buildSettings = {
				ARCHS = "$(ARCHS_STANDARD_32_BIT)";
				"CODE_SIGN_IDENTITY[sdk=iphoneos*]" = "iPhone Developer";
				GCC_C_LANGUAGE_STANDARD = c99;
				GCC_WARN_ABOUT_RETURN_TYPE = YES;
				GCC_WARN_UNUSED_VARIABLE = YES;
				HEADER_SEARCH_PATHS = /usr/include/libxml2;
				ONLY_ACTIVE_ARCH = YES;
				OTHER_CFLAGS = "-DDEBUG";
				OTHER_LDFLAGS = "-lxml2";
				PREBINDING = NO;
				SDKROOT = iphoneos4.1;
			};
			name = Debug;
		};
		C01FCF5008A954540054247B /* Release */ = {
			isa = XCBuildConfiguration;
			buildSettings = {
				ARCHS = "$(ARCHS_STANDARD_32_BIT)";
				"CODE_SIGN_IDENTITY[sdk=iphoneos*]" = "iPhone Developer";
				GCC_C_LANGUAGE_STANDARD = c99;
				GCC_WARN_ABOUT_RETURN_TYPE = YES;
				GCC_WARN_UNUSED_VARIABLE = YES;
				HEADER_SEARCH_PATHS = /usr/include/libxml2;
				OTHER_LDFLAGS = "-lxml2";
				PREBINDING = NO;
				SDKROOT = iphoneos4.1;
			};
			name = Release;
		};
/* End XCBuildConfiguration section */

/* Begin XCConfigurationList section */
		1D6058960D05DD3E006BFB54 /* Build configuration list for PBXNativeTarget "USRecall" */ = {
			isa = XCConfigurationList;
			buildConfigurations = (
				1D6058940D05DD3E006BFB54 /* Debug */,
				1D6058950D05DD3E006BFB54 /* Release */,
			);
			defaultConfigurationIsVisible = 0;
			defaultConfigurationName = Release;
		};
		C01FCF4E08A954540054247B /* Build configuration list for PBXProject "USRecall" */ = {
			isa = XCConfigurationList;
			buildConfigurations = (
				C01FCF4F08A954540054247B /* Debug */,
				C01FCF5008A954540054247B /* Release */,
			);
			defaultConfigurationIsVisible = 0;
			defaultConfigurationName = Release;
		};
/* End XCConfigurationList section */
	};
	rootObject = 29B97313FDCFA39411CA2CEA /* Project object */;
}
